
Microsoft Visual Studio Solution File, Format Version 10.00
# Visual Studio 2008
Project("{FAE04EC0-301F-11D3-BF4B-00C04F79EFBC}") = "NZBHags", "NZBHags\NZBHags.csproj", "{83775A5D-C9C1-415D-A57F-F4E37888A981}"
EndProject
Global
	GlobalSection(SolutionConfigurationPlatforms) = preSolution
		Debug|Any CPU = Debug|Any CPU
		Release|Any CPU = Release|Any CPU
	EndGlobalSection
	GlobalSection(ProjectConfigurationPlatforms) = postSolution
		{83775A5D-C9C1-415D-A57F-F4E37888A981}.Debug|Any CPU.ActiveCfg = Debug|Any CPU
		{83775A5D-C9C1-415D-A57F-F4E37888A981}.Debug|Any CPU.Build.0 = Debug|Any CPU
		{83775A5D-C9C1-415D-A57F-F4E37888A981}.Release|Any CPU.ActiveCfg = Release|Any CPU
		{83775A5D-C9C1-415D-A57F-F4E37888A981}.Release|Any CPU.Build.0 = Release|Any CPU
	EndGlobalSection
	GlobalSection(SolutionProperties) = preSolution
		HideSolutionNode = FALSE
	EndGlobalSection
EndGlobal
